Microsoft Visual Studio Solution File, Format Version 12.00
# Visual Studio 14
Project("{2150E333-8FDC-42A3-9474-1A3956D46DE8}") = "CMakePredefinedTargets", "CMakePredefinedTargets", "{D0FC6B3A-B86A-3C14-805B-D50C0CF3D416}"
EndProject
Project("{2150E333-8FDC-42A3-9474-1A3956D46DE8}") = "doxygen", "doxygen", "{2E03865B-C98D-3D36-94EA-E06DC4CE21B6}"
EndProject
Project("{2150E333-8FDC-42A3-9474-1A3956D46DE8}") = "examples", "examples", "{F37EF433-5B8A-3FBB-96D4-3AE0065E6569}"
EndProject
Project("{2150E333-8FDC-42A3-9474-1A3956D46DE8}") = "libraries", "libraries", "{C2BD91D7-248C-365D-9D94-F6E7680ECD48}"
EndProject
Project("{2150E333-8FDC-42A3-9474-1A3956D46DE8}") = "modules", "modules", "{D6FBDE61-640A-33C7-B5CF-3B8A705E7BFF}"
EndProject
Project("{2150E333-8FDC-42A3-9474-1A3956D46DE8}") = "HdrHistogram", "modules\HdrHistogram", "{704DC2E1-65B1-35CC-B4CB-07DF0F45F720}"
EndProject
Project("{2150E333-8FDC-42A3-9474-1A3956D46DE8}") = "cpp-optparse", "modules\cpp-optparse", "{6DECE8EF-25AF-3984-BBC7-14231BEF0495}"
EndProject
Project("{2150E333-8FDC-42A3-9474-1A3956D46DE8}") = "zlib", "modules\zlib", "{619D72A9-A176-32FA-A7A4-D206BEA2B436}"
EndProject
Project("{2150E333-8FDC-42A3-9474-1A3956D46DE8}") = "tests", "tests", "{8130AC71-5983-3B72-A5CF-A49E219915BB}"
EndProject
Project("{8BC9CEB8-8B4A-11D0-8D11-00A0C91BC942}") = "ALL_BUILD", "ALL_BUILD.vcxproj", "{446D3965-CC7D-3044-B568-37094DAEF4DA}"
	ProjectSection(ProjectDependencies) = postProject
		{49F981B6-EEAE-3CDC-AB16-2A51D8A43ADC} = {49F981B6-EEAE-3CDC-AB16-2A51D8A43ADC}
		{BAB60496-8F13-3B9D-A426-626D646C9328} = {BAB60496-8F13-3B9D-A426-626D646C9328}
		{FC249DDA-C08C-3B06-A372-CE986031E5BE} = {FC249DDA-C08C-3B06-A372-CE986031E5BE}
		{192E394F-8A00-3110-97ED-A3D7C508E11B} = {192E394F-8A00-3110-97ED-A3D7C508E11B}
		{FC57E4C3-B64D-385D-A1FF-FD7B5B101244} = {FC57E4C3-B64D-385D-A1FF-FD7B5B101244}
		{9E62F828-49DB-3546-BCF9-3E9945C4C82B} = {9E62F828-49DB-3546-BCF9-3E9945C4C82B}
		{740402FF-AE14-3842-A6FB-A5B73E3B1220} = {740402FF-AE14-3842-A6FB-A5B73E3B1220}
		{57E974A8-4FD7-3D1F-94AA-C6021AD2C390} = {57E974A8-4FD7-3D1F-94AA-C6021AD2C390}
		{2E3865EE-B057-35B3-B74D-9D5FDF05045B} = {2E3865EE-B057-35B3-B74D-9D5FDF05045B}
		{0412C1A8-1991-3F22-A6D2-0626FA4D6DD9} = {0412C1A8-1991-3F22-A6D2-0626FA4D6DD9}
		{423D76DA-C27B-3C14-9FCE-04A2544F2CF6} = {423D76DA-C27B-3C14-9FCE-04A2544F2CF6}
		{94699C80-CF36-363C-B009-D1C5A6255D2E} = {94699C80-CF36-363C-B009-D1C5A6255D2E}
		{E4EE7290-E42E-3EC6-AF5B-2A7D843E6764} = {E4EE7290-E42E-3EC6-AF5B-2A7D843E6764}
		{3C6D4B88-825A-3667-9AE6-A92936BD0D20} = {3C6D4B88-825A-3667-9AE6-A92936BD0D20}
		{CE37E7F0-DE89-391C-9F60-BB820C9FAE53} = {CE37E7F0-DE89-391C-9F60-BB820C9FAE53}
		{546D923A-CFCB-3426-B867-481DF233F2B2} = {546D923A-CFCB-3426-B867-481DF233F2B2}
		{CD5D522A-4641-3E90-A950-D56AF9284C46} = {CD5D522A-4641-3E90-A950-D56AF9284C46}
		{11C0C16A-0FEC-3EFE-989D-49D8E7FB145B} = {11C0C16A-0FEC-3EFE-989D-49D8E7FB145B}
		{93010981-9E75-3E4A-9FA0-4D57768549E7} = {93010981-9E75-3E4A-9FA0-4D57768549E7}
		{247881D6-BD25-3200-999E-7F7DD3A690CE} = {247881D6-BD25-3200-999E-7F7DD3A690CE}
		{B35FEE36-ED2C-3C48-8AAE-9D69CAA198AF} = {B35FEE36-ED2C-3C48-8AAE-9D69CAA198AF}
		{47971369-89DF-3B39-9625-A64A17DA4479} = {47971369-89DF-3B39-9625-A64A17DA4479}
	EndProjectSection
EndProject
Project("{8BC9CEB8-8B4A-11D0-8D11-00A0C91BC942}") = "HdrHistogram", "modules\HdrHistogram.vcxproj", "{49F981B6-EEAE-3CDC-AB16-2A51D8A43ADC}"
	ProjectSection(ProjectDependencies) = postProject
		{BAB60496-8F13-3B9D-A426-626D646C9328} = {BAB60496-8F13-3B9D-A426-626D646C9328}
		{47971369-89DF-3B39-9625-A64A17DA4479} = {47971369-89DF-3B39-9625-A64A17DA4479}
	EndProjectSection
EndProject
Project("{8BC9CEB8-8B4A-11D0-8D11-00A0C91BC942}") = "INSTALL", "INSTALL.vcxproj", "{72F6DFE9-42DB-3F87-BEC5-FC4F04C6ABE6}"
	ProjectSection(ProjectDependencies) = postProject
		{446D3965-CC7D-3044-B568-37094DAEF4DA} = {446D3965-CC7D-3044-B568-37094DAEF4DA}
		{BAB60496-8F13-3B9D-A426-626D646C9328} = {BAB60496-8F13-3B9D-A426-626D646C9328}
	EndProjectSection
EndProject
Project("{8BC9CEB8-8B4A-11D0-8D11-00A0C91BC942}") = "RUN_TESTS", "RUN_TESTS.vcxproj", "{23844CD1-EB8A-3040-AA17-50DC0D8CF38A}"
	ProjectSection(ProjectDependencies) = postProject
		{BAB60496-8F13-3B9D-A426-626D646C9328} = {BAB60496-8F13-3B9D-A426-626D646C9328}
	EndProjectSection
EndProject
Project("{8BC9CEB8-8B4A-11D0-8D11-00A0C91BC942}") = "ZERO_CHECK", "ZERO_CHECK.vcxproj", "{BAB60496-8F13-3B9D-A426-626D646C9328}"
	ProjectSection(ProjectDependencies) = postProject
	EndProjectSection
EndProject
Project("{8BC9CEB8-8B4A-11D0-8D11-00A0C91BC942}") = "cpp-optparse", "modules\cpp-optparse.vcxproj", "{FC249DDA-C08C-3B06-A372-CE986031E5BE}"
	ProjectSection(ProjectDependencies) = postProject
		{BAB60496-8F13-3B9D-A426-626D646C9328} = {BAB60496-8F13-3B9D-A426-626D646C9328}
	EndProjectSection
EndProject
Project("{8BC9CEB8-8B4A-11D0-8D11-00A0C91BC942}") = "cppbenchmark", "cppbenchmark.vcxproj", "{192E394F-8A00-3110-97ED-A3D7C508E11B}"
	ProjectSection(ProjectDependencies) = postProject
		{49F981B6-EEAE-3CDC-AB16-2A51D8A43ADC} = {49F981B6-EEAE-3CDC-AB16-2A51D8A43ADC}
		{BAB60496-8F13-3B9D-A426-626D646C9328} = {BAB60496-8F13-3B9D-A426-626D646C9328}
		{FC249DDA-C08C-3B06-A372-CE986031E5BE} = {FC249DDA-C08C-3B06-A372-CE986031E5BE}
		{47971369-89DF-3B39-9625-A64A17DA4479} = {47971369-89DF-3B39-9625-A64A17DA4479}
	EndProjectSection
EndProject
Project("{8BC9CEB8-8B4A-11D0-8D11-00A0C91BC942}") = "cppbenchmark-example-atomic", "cppbenchmark-example-atomic.vcxproj", "{FC57E4C3-B64D-385D-A1FF-FD7B5B101244}"
	ProjectSection(ProjectDependencies) = postProject
		{49F981B6-EEAE-3CDC-AB16-2A51D8A43ADC} = {49F981B6-EEAE-3CDC-AB16-2A51D8A43ADC}
		{BAB60496-8F13-3B9D-A426-626D646C9328} = {BAB60496-8F13-3B9D-A426-626D646C9328}
		{FC249DDA-C08C-3B06-A372-CE986031E5BE} = {FC249DDA-C08C-3B06-A372-CE986031E5BE}
		{192E394F-8A00-3110-97ED-A3D7C508E11B} = {192E394F-8A00-3110-97ED-A3D7C508E11B}
		{47971369-89DF-3B39-9625-A64A17DA4479} = {47971369-89DF-3B39-9625-A64A17DA4479}
	EndProjectSection
EndProject
Project("{8BC9CEB8-8B4A-11D0-8D11-00A0C91BC942}") = "cppbenchmark-example-containers", "cppbenchmark-example-containers.vcxproj", "{9E62F828-49DB-3546-BCF9-3E9945C4C82B}"
	ProjectSection(ProjectDependencies) = postProject
		{49F981B6-EEAE-3CDC-AB16-2A51D8A43ADC} = {49F981B6-EEAE-3CDC-AB16-2A51D8A43ADC}
		{BAB60496-8F13-3B9D-A426-626D646C9328} = {BAB60496-8F13-3B9D-A426-626D646C9328}
		{FC249DDA-C08C-3B06-A372-CE986031E5BE} = {FC249DDA-C08C-3B06-A372-CE986031E5BE}
		{192E394F-8A00-3110-97ED-A3D7C508E11B} = {192E394F-8A00-3110-97ED-A3D7C508E11B}
		{47971369-89DF-3B39-9625-A64A17DA4479} = {47971369-89DF-3B39-9625-A64A17DA4479}
	EndProjectSection
EndProject
Project("{8BC9CEB8-8B4A-11D0-8D11-00A0C91BC942}") = "cppbenchmark-example-executor", "cppbenchmark-example-executor.vcxproj", "{740402FF-AE14-3842-A6FB-A5B73E3B1220}"
	ProjectSection(ProjectDependencies) = postProject
		{49F981B6-EEAE-3CDC-AB16-2A51D8A43ADC} = {49F981B6-EEAE-3CDC-AB16-2A51D8A43ADC}
		{BAB60496-8F13-3B9D-A426-626D646C9328} = {BAB60496-8F13-3B9D-A426-626D646C9328}
		{FC249DDA-C08C-3B06-A372-CE986031E5BE} = {FC249DDA-C08C-3B06-A372-CE986031E5BE}
		{192E394F-8A00-3110-97ED-A3D7C508E11B} = {192E394F-8A00-3110-97ED-A3D7C508E11B}
		{47971369-89DF-3B39-9625-A64A17DA4479} = {47971369-89DF-3B39-9625-A64A17DA4479}
	EndProjectSection
EndProject
Project("{8BC9CEB8-8B4A-11D0-8D11-00A0C91BC942}") = "cppbenchmark-example-fpu", "cppbenchmark-example-fpu.vcxproj", "{57E974A8-4FD7-3D1F-94AA-C6021AD2C390}"
	ProjectSection(ProjectDependencies) = postProject
		{49F981B6-EEAE-3CDC-AB16-2A51D8A43ADC} = {49F981B6-EEAE-3CDC-AB16-2A51D8A43ADC}
		{BAB60496-8F13-3B9D-A426-626D646C9328} = {BAB60496-8F13-3B9D-A426-626D646C9328}
		{FC249DDA-C08C-3B06-A372-CE986031E5BE} = {FC249DDA-C08C-3B06-A372-CE986031E5BE}
		{192E394F-8A00-3110-97ED-A3D7C508E11B} = {192E394F-8A00-3110-97ED-A3D7C508E11B}
		{47971369-89DF-3B39-9625-A64A17DA4479} = {47971369-89DF-3B39-9625-A64A17DA4479}
	EndProjectSection
EndProject
Project("{8BC9CEB8-8B4A-11D0-8D11-00A0C91BC942}") = "cppbenchmark-example-fwrite", "cppbenchmark-example-fwrite.vcxproj", "{2E3865EE-B057-35B3-B74D-9D5FDF05045B}"
	ProjectSection(ProjectDependencies) = postProject
		{49F981B6-EEAE-3CDC-AB16-2A51D8A43ADC} = {49F981B6-EEAE-3CDC-AB16-2A51D8A43ADC}
		{BAB60496-8F13-3B9D-A426-626D646C9328} = {BAB60496-8F13-3B9D-A426-626D646C9328}
		{FC249DDA-C08C-3B06-A372-CE986031E5BE} = {FC249DDA-C08C-3B06-A372-CE986031E5BE}
		{192E394F-8A00-3110-97ED-A3D7C508E11B} = {192E394F-8A00-3110-97ED-A3D7C508E11B}
		{47971369-89DF-3B39-9625-A64A17DA4479} = {47971369-89DF-3B39-9625-A64A17DA4479}
	EndProjectSection
EndProject
Project("{8BC9CEB8-8B4A-11D0-8D11-00A0C91BC942}") = "cppbenchmark-example-iterators", "cppbenchmark-example-iterators.vcxproj", "{0412C1A8-1991-3F22-A6D2-0626FA4D6DD9}"
	ProjectSection(ProjectDependencies) = postProject
		{49F981B6-EEAE-3CDC-AB16-2A51D8A43ADC} = {49F981B6-EEAE-3CDC-AB16-2A51D8A43ADC}
		{BAB60496-8F13-3B9D-A426-626D646C9328} = {BAB60496-8F13-3B9D-A426-626D646C9328}
		{FC249DDA-C08C-3B06-A372-CE986031E5BE} = {FC249DDA-C08C-3B06-A372-CE986031E5BE}
		{192E394F-8A00-3110-97ED-A3D7C508E11B} = {192E394F-8A00-3110-97ED-A3D7C508E11B}
		{47971369-89DF-3B39-9625-A64A17DA4479} = {47971369-89DF-3B39-9625-A64A17DA4479}
	EndProjectSection
EndProject
Project("{8BC9CEB8-8B4A-11D0-8D11-00A0C91BC942}") = "cppbenchmark-example-memcpy", "cppbenchmark-example-memcpy.vcxproj", "{423D76DA-C27B-3C14-9FCE-04A2544F2CF6}"
	ProjectSection(ProjectDependencies) = postProject
		{49F981B6-EEAE-3CDC-AB16-2A51D8A43ADC} = {49F981B6-EEAE-3CDC-AB16-2A51D8A43ADC}
		{BAB60496-8F13-3B9D-A426-626D646C9328} = {BAB60496-8F13-3B9D-A426-626D646C9328}
		{FC249DDA-C08C-3B06-A372-CE986031E5BE} = {FC249DDA-C08C-3B06-A372-CE986031E5BE}
		{192E394F-8A00-3110-97ED-A3D7C508E11B} = {192E394F-8A00-3110-97ED-A3D7C508E11B}
		{47971369-89DF-3B39-9625-A64A17DA4479} = {47971369-89DF-3B39-9625-A64A17DA4479}
	EndProjectSection
EndProject
Project("{8BC9CEB8-8B4A-11D0-8D11-00A0C91BC942}") = "cppbenchmark-example-mpmc", "cppbenchmark-example-mpmc.vcxproj", "{94699C80-CF36-363C-B009-D1C5A6255D2E}"
	ProjectSection(ProjectDependencies) = postProject
		{49F981B6-EEAE-3CDC-AB16-2A51D8A43ADC} = {49F981B6-EEAE-3CDC-AB16-2A51D8A43ADC}
		{BAB60496-8F13-3B9D-A426-626D646C9328} = {BAB60496-8F13-3B9D-A426-626D646C9328}
		{FC249DDA-C08C-3B06-A372-CE986031E5BE} = {FC249DDA-C08C-3B06-A372-CE986031E5BE}
		{192E394F-8A00-3110-97ED-A3D7C508E11B} = {192E394F-8A00-3110-97ED-A3D7C508E11B}
		{47971369-89DF-3B39-9625-A64A17DA4479} = {47971369-89DF-3B39-9625-A64A17DA4479}
	EndProjectSection
EndProject
Project("{8BC9CEB8-8B4A-11D0-8D11-00A0C91BC942}") = "cppbenchmark-example-mpsc", "cppbenchmark-example-mpsc.vcxproj", "{E4EE7290-E42E-3EC6-AF5B-2A7D843E6764}"
	ProjectSection(ProjectDependencies) = postProject
		{49F981B6-EEAE-3CDC-AB16-2A51D8A43ADC} = {49F981B6-EEAE-3CDC-AB16-2A51D8A43ADC}
		{BAB60496-8F13-3B9D-A426-626D646C9328} = {BAB60496-8F13-3B9D-A426-626D646C9328}
		{FC249DDA-C08C-3B06-A372-CE986031E5BE} = {FC249DDA-C08C-3B06-A372-CE986031E5BE}
		{192E394F-8A00-3110-97ED-A3D7C508E11B} = {192E394F-8A00-3110-97ED-A3D7C508E11B}
		{47971369-89DF-3B39-9625-A64A17DA4479} = {47971369-89DF-3B39-9625-A64A17DA4479}
	EndProjectSection
EndProject
Project("{8BC9CEB8-8B4A-11D0-8D11-00A0C91BC942}") = "cppbenchmark-example-random", "cppbenchmark-example-random.vcxproj", "{3C6D4B88-825A-3667-9AE6-A92936BD0D20}"
	ProjectSection(ProjectDependencies) = postProject
		{49F981B6-EEAE-3CDC-AB16-2A51D8A43ADC} = {49F981B6-EEAE-3CDC-AB16-2A51D8A43ADC}
		{BAB60496-8F13-3B9D-A426-626D646C9328} = {BAB60496-8F13-3B9D-A426-626D646C9328}
		{FC249DDA-C08C-3B06-A372-CE986031E5BE} = {FC249DDA-C08C-3B06-A372-CE986031E5BE}
		{192E394F-8A00-3110-97ED-A3D7C508E11B} = {192E394F-8A00-3110-97ED-A3D7C508E11B}
		{47971369-89DF-3B39-9625-A64A17DA4479} = {47971369-89DF-3B39-9625-A64A17DA4479}
	EndProjectSection
EndProject
Project("{8BC9CEB8-8B4A-11D0-8D11-00A0C91BC942}") = "cppbenchmark-example-sleep", "cppbenchmark-example-sleep.vcxproj", "{CE37E7F0-DE89-391C-9F60-BB820C9FAE53}"
	ProjectSection(ProjectDependencies) = postProject
		{49F981B6-EEAE-3CDC-AB16-2A51D8A43ADC} = {49F981B6-EEAE-3CDC-AB16-2A51D8A43ADC}
		{BAB60496-8F13-3B9D-A426-626D646C9328} = {BAB60496-8F13-3B9D-A426-626D646C9328}
		{FC249DDA-C08C-3B06-A372-CE986031E5BE} = {FC249DDA-C08C-3B06-A372-CE986031E5BE}
		{192E394F-8A00-3110-97ED-A3D7C508E11B} = {192E394F-8A00-3110-97ED-A3D7C508E11B}
		{47971369-89DF-3B39-9625-A64A17DA4479} = {47971369-89DF-3B39-9625-A64A17DA4479}
	EndProjectSection
EndProject
Project("{8BC9CEB8-8B4A-11D0-8D11-00A0C91BC942}") = "cppbenchmark-example-sort", "cppbenchmark-example-sort.vcxproj", "{546D923A-CFCB-3426-B867-481DF233F2B2}"
	ProjectSection(ProjectDependencies) = postProject
		{49F981B6-EEAE-3CDC-AB16-2A51D8A43ADC} = {49F981B6-EEAE-3CDC-AB16-2A51D8A43ADC}
		{BAB60496-8F13-3B9D-A426-626D646C9328} = {BAB60496-8F13-3B9D-A426-626D646C9328}
		{FC249DDA-C08C-3B06-A372-CE986031E5BE} = {FC249DDA-C08C-3B06-A372-CE986031E5BE}
		{192E394F-8A00-3110-97ED-A3D7C508E11B} = {192E394F-8A00-3110-97ED-A3D7C508E11B}
		{47971369-89DF-3B39-9625-A64A17DA4479} = {47971369-89DF-3B39-9625-A64A17DA4479}
	EndProjectSection
EndProject
Project("{8BC9CEB8-8B4A-11D0-8D11-00A0C91BC942}") = "cppbenchmark-example-spsc", "cppbenchmark-example-spsc.vcxproj", "{CD5D522A-4641-3E90-A950-D56AF9284C46}"
	ProjectSection(ProjectDependencies) = postProject
		{49F981B6-EEAE-3CDC-AB16-2A51D8A43ADC} = {49F981B6-EEAE-3CDC-AB16-2A51D8A43ADC}
		{BAB60496-8F13-3B9D-A426-626D646C9328} = {BAB60496-8F13-3B9D-A426-626D646C9328}
		{FC249DDA-C08C-3B06-A372-CE986031E5BE} = {FC249DDA-C08C-3B06-A372-CE986031E5BE}
		{192E394F-8A00-3110-97ED-A3D7C508E11B} = {192E394F-8A00-3110-97ED-A3D7C508E11B}
		{47971369-89DF-3B39-9625-A64A17DA4479} = {47971369-89DF-3B39-9625-A64A17DA4479}
	EndProjectSection
EndProject
Project("{8BC9CEB8-8B4A-11D0-8D11-00A0C91BC942}") = "cppbenchmark-example-threads", "cppbenchmark-example-threads.vcxproj", "{11C0C16A-0FEC-3EFE-989D-49D8E7FB145B}"
	ProjectSection(ProjectDependencies) = postProject
		{49F981B6-EEAE-3CDC-AB16-2A51D8A43ADC} = {49F981B6-EEAE-3CDC-AB16-2A51D8A43ADC}
		{BAB60496-8F13-3B9D-A426-626D646C9328} = {BAB60496-8F13-3B9D-A426-626D646C9328}
		{FC249DDA-C08C-3B06-A372-CE986031E5BE} = {FC249DDA-C08C-3B06-A372-CE986031E5BE}
		{192E394F-8A00-3110-97ED-A3D7C508E11B} = {192E394F-8A00-3110-97ED-A3D7C508E11B}
		{47971369-89DF-3B39-9625-A64A17DA4479} = {47971369-89DF-3B39-9625-A64A17DA4479}
	EndProjectSection
EndProject
Project("{8BC9CEB8-8B4A-11D0-8D11-00A0C91BC942}") = "cppbenchmark-example-timers", "cppbenchmark-example-timers.vcxproj", "{93010981-9E75-3E4A-9FA0-4D57768549E7}"
	ProjectSection(ProjectDependencies) = postProject
		{49F981B6-EEAE-3CDC-AB16-2A51D8A43ADC} = {49F981B6-EEAE-3CDC-AB16-2A51D8A43ADC}
		{BAB60496-8F13-3B9D-A426-626D646C9328} = {BAB60496-8F13-3B9D-A426-626D646C9328}
		{FC249DDA-C08C-3B06-A372-CE986031E5BE} = {FC249DDA-C08C-3B06-A372-CE986031E5BE}
		{192E394F-8A00-3110-97ED-A3D7C508E11B} = {192E394F-8A00-3110-97ED-A3D7C508E11B}
		{47971369-89DF-3B39-9625-A64A17DA4479} = {47971369-89DF-3B39-9625-A64A17DA4479}
	EndProjectSection
EndProject
Project("{8BC9CEB8-8B4A-11D0-8D11-00A0C91BC942}") = "cppbenchmark-example-virtual", "cppbenchmark-example-virtual.vcxproj", "{247881D6-BD25-3200-999E-7F7DD3A690CE}"
	ProjectSection(ProjectDependencies) = postProject
		{49F981B6-EEAE-3CDC-AB16-2A51D8A43ADC} = {49F981B6-EEAE-3CDC-AB16-2A51D8A43ADC}
		{BAB60496-8F13-3B9D-A426-626D646C9328} = {BAB60496-8F13-3B9D-A426-626D646C9328}
		{FC249DDA-C08C-3B06-A372-CE986031E5BE} = {FC249DDA-C08C-3B06-A372-CE986031E5BE}
		{192E394F-8A00-3110-97ED-A3D7C508E11B} = {192E394F-8A00-3110-97ED-A3D7C508E11B}
		{47971369-89DF-3B39-9625-A64A17DA4479} = {47971369-89DF-3B39-9625-A64A17DA4479}
	EndProjectSection
EndProject
Project("{8BC9CEB8-8B4A-11D0-8D11-00A0C91BC942}") = "cppbenchmark-tests", "cppbenchmark-tests.vcxproj", "{B35FEE36-ED2C-3C48-8AAE-9D69CAA198AF}"
	ProjectSection(ProjectDependencies) = postProject
		{49F981B6-EEAE-3CDC-AB16-2A51D8A43ADC} = {49F981B6-EEAE-3CDC-AB16-2A51D8A43ADC}
		{BAB60496-8F13-3B9D-A426-626D646C9328} = {BAB60496-8F13-3B9D-A426-626D646C9328}
		{FC249DDA-C08C-3B06-A372-CE986031E5BE} = {FC249DDA-C08C-3B06-A372-CE986031E5BE}
		{192E394F-8A00-3110-97ED-A3D7C508E11B} = {192E394F-8A00-3110-97ED-A3D7C508E11B}
		{47971369-89DF-3B39-9625-A64A17DA4479} = {47971369-89DF-3B39-9625-A64A17DA4479}
	EndProjectSection
EndProject
Project("{8BC9CEB8-8B4A-11D0-8D11-00A0C91BC942}") = "doxygen", "doxygen.vcxproj", "{AE6D8BC6-EF9D-310F-8451-92E08DDBC18C}"
	ProjectSection(ProjectDependencies) = postProject
		{BAB60496-8F13-3B9D-A426-626D646C9328} = {BAB60496-8F13-3B9D-A426-626D646C9328}
	EndProjectSection
EndProject
Project("{8BC9CEB8-8B4A-11D0-8D11-00A0C91BC942}") = "zlib", "modules\zlib.vcxproj", "{47971369-89DF-3B39-9625-A64A17DA4479}"
	ProjectSection(ProjectDependencies) = postProject
		{BAB60496-8F13-3B9D-A426-626D646C9328} = {BAB60496-8F13-3B9D-A426-626D646C9328}
	EndProjectSection
EndProject
Global
	GlobalSection(SolutionConfigurationPlatforms) = preSolution
		Debug|x64 = Debug|x64
		Release|x64 = Release|x64
		MinSizeRel|x64 = MinSizeRel|x64
		RelWithDebInfo|x64 = RelWithDebInfo|x64
	EndGlobalSection
	GlobalSection(ProjectConfigurationPlatforms) = postSolution
		{446D3965-CC7D-3044-B568-37094DAEF4DA}.Debug|x64.ActiveCfg = Debug|x64
		{446D3965-CC7D-3044-B568-37094DAEF4DA}.Debug|x64.Build.0 = Debug|x64
		{446D3965-CC7D-3044-B568-37094DAEF4DA}.Release|x64.ActiveCfg = Release|x64
		{446D3965-CC7D-3044-B568-37094DAEF4DA}.Release|x64.Build.0 = Release|x64
		{446D3965-CC7D-3044-B568-37094DAEF4DA}.MinSizeRel|x64.ActiveCfg = MinSizeRel|x64
		{446D3965-CC7D-3044-B568-37094DAEF4DA}.MinSizeRel|x64.Build.0 = MinSizeRel|x64
		{446D3965-CC7D-3044-B568-37094DAEF4DA}.RelWithDebInfo|x64.ActiveCfg = RelWithDebInfo|x64
		{446D3965-CC7D-3044-B568-37094DAEF4DA}.RelWithDebInfo|x64.Build.0 = RelWithDebInfo|x64
		{49F981B6-EEAE-3CDC-AB16-2A51D8A43ADC}.Debug|x64.ActiveCfg = Debug|x64
		{49F981B6-EEAE-3CDC-AB16-2A51D8A43ADC}.Debug|x64.Build.0 = Debug|x64
		{49F981B6-EEAE-3CDC-AB16-2A51D8A43ADC}.Release|x64.ActiveCfg = Release|x64
		{49F981B6-EEAE-3CDC-AB16-2A51D8A43ADC}.Release|x64.Build.0 = Release|x64
		{49F981B6-EEAE-3CDC-AB16-2A51D8A43ADC}.MinSizeRel|x64.ActiveCfg = MinSizeRel|x64
		{49F981B6-EEAE-3CDC-AB16-2A51D8A43ADC}.MinSizeRel|x64.Build.0 = MinSizeRel|x64
		{49F981B6-EEAE-3CDC-AB16-2A51D8A43ADC}.RelWithDebInfo|x64.ActiveCfg = RelWithDebInfo|x64
		{49F981B6-EEAE-3CDC-AB16-2A51D8A43ADC}.RelWithDebInfo|x64.Build.0 = RelWithDebInfo|x64
		{72F6DFE9-42DB-3F87-BEC5-FC4F04C6ABE6}.Debug|x64.ActiveCfg = Debug|x64
		{72F6DFE9-42DB-3F87-BEC5-FC4F04C6ABE6}.Release|x64.ActiveCfg = Release|x64
		{72F6DFE9-42DB-3F87-BEC5-FC4F04C6ABE6}.MinSizeRel|x64.ActiveCfg = MinSizeRel|x64
		{72F6DFE9-42DB-3F87-BEC5-FC4F04C6ABE6}.RelWithDebInfo|x64.ActiveCfg = RelWithDebInfo|x64
		{23844CD1-EB8A-3040-AA17-50DC0D8CF38A}.Debug|x64.ActiveCfg = Debug|x64
		{23844CD1-EB8A-3040-AA17-50DC0D8CF38A}.Release|x64.ActiveCfg = Release|x64
		{23844CD1-EB8A-3040-AA17-50DC0D8CF38A}.MinSizeRel|x64.ActiveCfg = MinSizeRel|x64
		{23844CD1-EB8A-3040-AA17-50DC0D8CF38A}.RelWithDebInfo|x64.ActiveCfg = RelWithDebInfo|x64
		{BAB60496-8F13-3B9D-A426-626D646C9328}.Debug|x64.ActiveCfg = Debug|x64
		{BAB60496-8F13-3B9D-A426-626D646C9328}.Debug|x64.Build.0 = Debug|x64
		{BAB60496-8F13-3B9D-A426-626D646C9328}.Release|x64.ActiveCfg = Release|x64
		{BAB60496-8F13-3B9D-A426-626D646C9328}.Release|x64.Build.0 = Release|x64
		{BAB60496-8F13-3B9D-A426-626D646C9328}.MinSizeRel|x64.ActiveCfg = MinSizeRel|x64
		{BAB60496-8F13-3B9D-A426-626D646C9328}.MinSizeRel|x64.Build.0 = MinSizeRel|x64
		{BAB60496-8F13-3B9D-A426-626D646C9328}.RelWithDebInfo|x64.ActiveCfg = RelWithDebInfo|x64
		{BAB60496-8F13-3B9D-A426-626D646C9328}.RelWithDebInfo|x64.Build.0 = RelWithDebInfo|x64
		{FC249DDA-C08C-3B06-A372-CE986031E5BE}.Debug|x64.ActiveCfg = Debug|x64
		{FC249DDA-C08C-3B06-A372-CE986031E5BE}.Debug|x64.Build.0 = Debug|x64
		{FC249DDA-C08C-3B06-A372-CE986031E5BE}.Release|x64.ActiveCfg = Release|x64
		{FC249DDA-C08C-3B06-A372-CE986031E5BE}.Release|x64.Build.0 = Release|x64
		{FC249DDA-C08C-3B06-A372-CE986031E5BE}.MinSizeRel|x64.ActiveCfg = MinSizeRel|x64
		{FC249DDA-C08C-3B06-A372-CE986031E5BE}.MinSizeRel|x64.Build.0 = MinSizeRel|x64
		{FC249DDA-C08C-3B06-A372-CE986031E5BE}.RelWithDebInfo|x64.ActiveCfg = RelWithDebInfo|x64
		{FC249DDA-C08C-3B06-A372-CE986031E5BE}.RelWithDebInfo|x64.Build.0 = RelWithDebInfo|x64
		{192E394F-8A00-3110-97ED-A3D7C508E11B}.Debug|x64.ActiveCfg = Debug|x64
		{192E394F-8A00-3110-97ED-A3D7C508E11B}.Debug|x64.Build.0 = Debug|x64
		{192E394F-8A00-3110-97ED-A3D7C508E11B}.Release|x64.ActiveCfg = Release|x64
		{192E394F-8A00-3110-97ED-A3D7C508E11B}.Release|x64.Build.0 = Release|x64
		{192E394F-8A00-3110-97ED-A3D7C508E11B}.MinSizeRel|x64.ActiveCfg = MinSizeRel|x64
		{192E394F-8A00-3110-97ED-A3D7C508E11B}.MinSizeRel|x64.Build.0 = MinSizeRel|x64
		{192E394F-8A00-3110-97ED-A3D7C508E11B}.RelWithDebInfo|x64.ActiveCfg = RelWithDebInfo|x64
		{192E394F-8A00-3110-97ED-A3D7C508E11B}.RelWithDebInfo|x64.Build.0 = RelWithDebInfo|x64
		{FC57E4C3-B64D-385D-A1FF-FD7B5B101244}.Debug|x64.ActiveCfg = Debug|x64
		{FC57E4C3-B64D-385D-A1FF-FD7B5B101244}.Debug|x64.Build.0 = Debug|x64
		{FC57E4C3-B64D-385D-A1FF-FD7B5B101244}.Release|x64.ActiveCfg = Release|x64
		{FC57E4C3-B64D-385D-A1FF-FD7B5B101244}.Release|x64.Build.0 = Release|x64
		{FC57E4C3-B64D-385D-A1FF-FD7B5B101244}.MinSizeRel|x64.ActiveCfg = MinSizeRel|x64
		{FC57E4C3-B64D-385D-A1FF-FD7B5B101244}.MinSizeRel|x64.Build.0 = MinSizeRel|x64
		{FC57E4C3-B64D-385D-A1FF-FD7B5B101244}.RelWithDebInfo|x64.ActiveCfg = RelWithDebInfo|x64
		{FC57E4C3-B64D-385D-A1FF-FD7B5B101244}.RelWithDebInfo|x64.Build.0 = RelWithDebInfo|x64
		{9E62F828-49DB-3546-BCF9-3E9945C4C82B}.Debug|x64.ActiveCfg = Debug|x64
		{9E62F828-49DB-3546-BCF9-3E9945C4C82B}.Debug|x64.Build.0 = Debug|x64
		{9E62F828-49DB-3546-BCF9-3E9945C4C82B}.Release|x64.ActiveCfg = Release|x64
		{9E62F828-49DB-3546-BCF9-3E9945C4C82B}.Release|x64.Build.0 = Release|x64
		{9E62F828-49DB-3546-BCF9-3E9945C4C82B}.MinSizeRel|x64.ActiveCfg = MinSizeRel|x64
		{9E62F828-49DB-3546-BCF9-3E9945C4C82B}.MinSizeRel|x64.Build.0 = MinSizeRel|x64
		{9E62F828-49DB-3546-BCF9-3E9945C4C82B}.RelWithDebInfo|x64.ActiveCfg = RelWithDebInfo|x64
		{9E62F828-49DB-3546-BCF9-3E9945C4C82B}.RelWithDebInfo|x64.Build.0 = RelWithDebInfo|x64
		{740402FF-AE14-3842-A6FB-A5B73E3B1220}.Debug|x64.ActiveCfg = Debug|x64
		{740402FF-AE14-3842-A6FB-A5B73E3B1220}.Debug|x64.Build.0 = Debug|x64
		{740402FF-AE14-3842-A6FB-A5B73E3B1220}.Release|x64.ActiveCfg = Release|x64
		{740402FF-AE14-3842-A6FB-A5B73E3B1220}.Release|x64.Build.0 = Release|x64
		{740402FF-AE14-3842-A6FB-A5B73E3B1220}.MinSizeRel|x64.ActiveCfg = MinSizeRel|x64
		{740402FF-AE14-3842-A6FB-A5B73E3B1220}.MinSizeRel|x64.Build.0 = MinSizeRel|x64
		{740402FF-AE14-3842-A6FB-A5B73E3B1220}.RelWithDebInfo|x64.ActiveCfg = RelWithDebInfo|x64
		{740402FF-AE14-3842-A6FB-A5B73E3B1220}.RelWithDebInfo|x64.Build.0 = RelWithDebInfo|x64
		{57E974A8-4FD7-3D1F-94AA-C6021AD2C390}.Debug|x64.ActiveCfg = Debug|x64
		{57E974A8-4FD7-3D1F-94AA-C6021AD2C390}.Debug|x64.Build.0 = Debug|x64
		{57E974A8-4FD7-3D1F-94AA-C6021AD2C390}.Release|x64.ActiveCfg = Release|x64
		{57E974A8-4FD7-3D1F-94AA-C6021AD2C390}.Release|x64.Build.0 = Release|x64
		{57E974A8-4FD7-3D1F-94AA-C6021AD2C390}.MinSizeRel|x64.ActiveCfg = MinSizeRel|x64
		{57E974A8-4FD7-3D1F-94AA-C6021AD2C390}.MinSizeRel|x64.Build.0 = MinSizeRel|x64
		{57E974A8-4FD7-3D1F-94AA-C6021AD2C390}.RelWithDebInfo|x64.ActiveCfg = RelWithDebInfo|x64
		{57E974A8-4FD7-3D1F-94AA-C6021AD2C390}.RelWithDebInfo|x64.Build.0 = RelWithDebInfo|x64
		{2E3865EE-B057-35B3-B74D-9D5FDF05045B}.Debug|x64.ActiveCfg = Debug|x64
		{2E3865EE-B057-35B3-B74D-9D5FDF05045B}.Debug|x64.Build.0 = Debug|x64
		{2E3865EE-B057-35B3-B74D-9D5FDF05045B}.Release|x64.ActiveCfg = Release|x64
		{2E3865EE-B057-35B3-B74D-9D5FDF05045B}.Release|x64.Build.0 = Release|x64
		{2E3865EE-B057-35B3-B74D-9D5FDF05045B}.MinSizeRel|x64.ActiveCfg = MinSizeRel|x64
		{2E3865EE-B057-35B3-B74D-9D5FDF05045B}.MinSizeRel|x64.Build.0 = MinSizeRel|x64
		{2E3865EE-B057-35B3-B74D-9D5FDF05045B}.RelWithDebInfo|x64.ActiveCfg = RelWithDebInfo|x64
		{2E3865EE-B057-35B3-B74D-9D5FDF05045B}.RelWithDebInfo|x64.Build.0 = RelWithDebInfo|x64
		{0412C1A8-1991-3F22-A6D2-0626FA4D6DD9}.Debug|x64.ActiveCfg = Debug|x64
		{0412C1A8-1991-3F22-A6D2-0626FA4D6DD9}.Debug|x64.Build.0 = Debug|x64
		{0412C1A8-1991-3F22-A6D2-0626FA4D6DD9}.Release|x64.ActiveCfg = Release|x64
		{0412C1A8-1991-3F22-A6D2-0626FA4D6DD9}.Release|x64.Build.0 = Release|x64
		{0412C1A8-1991-3F22-A6D2-0626FA4D6DD9}.MinSizeRel|x64.ActiveCfg = MinSizeRel|x64
		{0412C1A8-1991-3F22-A6D2-0626FA4D6DD9}.MinSizeRel|x64.Build.0 = MinSizeRel|x64
		{0412C1A8-1991-3F22-A6D2-0626FA4D6DD9}.RelWithDebInfo|x64.ActiveCfg = RelWithDebInfo|x64
		{0412C1A8-1991-3F22-A6D2-0626FA4D6DD9}.RelWithDebInfo|x64.Build.0 = RelWithDebInfo|x64
		{423D76DA-C27B-3C14-9FCE-04A2544F2CF6}.Debug|x64.ActiveCfg = Debug|x64
		{423D76DA-C27B-3C14-9FCE-04A2544F2CF6}.Debug|x64.Build.0 = Debug|x64
		{423D76DA-C27B-3C14-9FCE-04A2544F2CF6}.Release|x64.ActiveCfg = Release|x64
		{423D76DA-C27B-3C14-9FCE-04A2544F2CF6}.Release|x64.Build.0 = Release|x64
		{423D76DA-C27B-3C14-9FCE-04A2544F2CF6}.MinSizeRel|x64.ActiveCfg = MinSizeRel|x64
		{423D76DA-C27B-3C14-9FCE-04A2544F2CF6}.MinSizeRel|x64.Build.0 = MinSizeRel|x64
		{423D76DA-C27B-3C14-9FCE-04A2544F2CF6}.RelWithDebInfo|x64.ActiveCfg = RelWithDebInfo|x64
		{423D76DA-C27B-3C14-9FCE-04A2544F2CF6}.RelWithDebInfo|x64.Build.0 = RelWithDebInfo|x64
		{94699C80-CF36-363C-B009-D1C5A6255D2E}.Debug|x64.ActiveCfg = Debug|x64
		{94699C80-CF36-363C-B009-D1C5A6255D2E}.Debug|x64.Build.0 = Debug|x64
		{94699C80-CF36-363C-B009-D1C5A6255D2E}.Release|x64.ActiveCfg = Release|x64
		{94699C80-CF36-363C-B009-D1C5A6255D2E}.Release|x64.Build.0 = Release|x64
		{94699C80-CF36-363C-B009-D1C5A6255D2E}.MinSizeRel|x64.ActiveCfg = MinSizeRel|x64
		{94699C80-CF36-363C-B009-D1C5A6255D2E}.MinSizeRel|x64.Build.0 = MinSizeRel|x64
		{94699C80-CF36-363C-B009-D1C5A6255D2E}.RelWithDebInfo|x64.ActiveCfg = RelWithDebInfo|x64
		{94699C80-CF36-363C-B009-D1C5A6255D2E}.RelWithDebInfo|x64.Build.0 = RelWithDebInfo|x64
		{E4EE7290-E42E-3EC6-AF5B-2A7D843E6764}.Debug|x64.ActiveCfg = Debug|x64
		{E4EE7290-E42E-3EC6-AF5B-2A7D843E6764}.Debug|x64.Build.0 = Debug|x64
		{E4EE7290-E42E-3EC6-AF5B-2A7D843E6764}.Release|x64.ActiveCfg = Release|x64
		{E4EE7290-E42E-3EC6-AF5B-2A7D843E6764}.Release|x64.Build.0 = Release|x64
		{E4EE7290-E42E-3EC6-AF5B-2A7D843E6764}.MinSizeRel|x64.ActiveCfg = MinSizeRel|x64
		{E4EE7290-E42E-3EC6-AF5B-2A7D843E6764}.MinSizeRel|x64.Build.0 = MinSizeRel|x64
		{E4EE7290-E42E-3EC6-AF5B-2A7D843E6764}.RelWithDebInfo|x64.ActiveCfg = RelWithDebInfo|x64
		{E4EE7290-E42E-3EC6-AF5B-2A7D843E6764}.RelWithDebInfo|x64.Build.0 = RelWithDebInfo|x64
		{3C6D4B88-825A-3667-9AE6-A92936BD0D20}.Debug|x64.ActiveCfg = Debug|x64
		{3C6D4B88-825A-3667-9AE6-A92936BD0D20}.Debug|x64.Build.0 = Debug|x64
		{3C6D4B88-825A-3667-9AE6-A92936BD0D20}.Release|x64.ActiveCfg = Release|x64
		{3C6D4B88-825A-3667-9AE6-A92936BD0D20}.Release|x64.Build.0 = Release|x64
		{3C6D4B88-825A-3667-9AE6-A92936BD0D20}.MinSizeRel|x64.ActiveCfg = MinSizeRel|x64
		{3C6D4B88-825A-3667-9AE6-A92936BD0D20}.MinSizeRel|x64.Build.0 = MinSizeRel|x64
		{3C6D4B88-825A-3667-9AE6-A92936BD0D20}.RelWithDebInfo|x64.ActiveCfg = RelWithDebInfo|x64
		{3C6D4B88-825A-3667-9AE6-A92936BD0D20}.RelWithDebInfo|x64.Build.0 = RelWithDebInfo|x64
		{CE37E7F0-DE89-391C-9F60-BB820C9FAE53}.Debug|x64.ActiveCfg = Debug|x64
		{CE37E7F0-DE89-391C-9F60-BB820C9FAE53}.Debug|x64.Build.0 = Debug|x64
		{CE37E7F0-DE89-391C-9F60-BB820C9FAE53}.Release|x64.ActiveCfg = Release|x64
		{CE37E7F0-DE89-391C-9F60-BB820C9FAE53}.Release|x64.Build.0 = Release|x64
		{CE37E7F0-DE89-391C-9F60-BB820C9FAE53}.MinSizeRel|x64.ActiveCfg = MinSizeRel|x64
		{CE37E7F0-DE89-391C-9F60-BB820C9FAE53}.MinSizeRel|x64.Build.0 = MinSizeRel|x64
		{CE37E7F0-DE89-391C-9F60-BB820C9FAE53}.RelWithDebInfo|x64.ActiveCfg = RelWithDebInfo|x64
		{CE37E7F0-DE89-391C-9F60-BB820C9FAE53}.RelWithDebInfo|x64.Build.0 = RelWithDebInfo|x64
		{546D923A-CFCB-3426-B867-481DF233F2B2}.Debug|x64.ActiveCfg = Debug|x64
		{546D923A-CFCB-3426-B867-481DF233F2B2}.Debug|x64.Build.0 = Debug|x64
		{546D923A-CFCB-3426-B867-481DF233F2B2}.Release|x64.ActiveCfg = Release|x64
		{546D923A-CFCB-3426-B867-481DF233F2B2}.Release|x64.Build.0 = Release|x64
		{546D923A-CFCB-3426-B867-481DF233F2B2}.MinSizeRel|x64.ActiveCfg = MinSizeRel|x64
		{546D923A-CFCB-3426-B867-481DF233F2B2}.MinSizeRel|x64.Build.0 = MinSizeRel|x64
		{546D923A-CFCB-3426-B867-481DF233F2B2}.RelWithDebInfo|x64.ActiveCfg = RelWithDebInfo|x64
		{546D923A-CFCB-3426-B867-481DF233F2B2}.RelWithDebInfo|x64.Build.0 = RelWithDebInfo|x64
		{CD5D522A-4641-3E90-A950-D56AF9284C46}.Debug|x64.ActiveCfg = Debug|x64
		{CD5D522A-4641-3E90-A950-D56AF9284C46}.Debug|x64.Build.0 = Debug|x64
		{CD5D522A-4641-3E90-A950-D56AF9284C46}.Release|x64.ActiveCfg = Release|x64
		{CD5D522A-4641-3E90-A950-D56AF9284C46}.Release|x64.Build.0 = Release|x64
		{CD5D522A-4641-3E90-A950-D56AF9284C46}.MinSizeRel|x64.ActiveCfg = MinSizeRel|x64
		{CD5D522A-4641-3E90-A950-D56AF9284C46}.MinSizeRel|x64.Build.0 = MinSizeRel|x64
		{CD5D522A-4641-3E90-A950-D56AF9284C46}.RelWithDebInfo|x64.ActiveCfg = RelWithDebInfo|x64
		{CD5D522A-4641-3E90-A950-D56AF9284C46}.RelWithDebInfo|x64.Build.0 = RelWithDebInfo|x64
		{11C0C16A-0FEC-3EFE-989D-49D8E7FB145B}.Debug|x64.ActiveCfg = Debug|x64
		{11C0C16A-0FEC-3EFE-989D-49D8E7FB145B}.Debug|x64.Build.0 = Debug|x64
		{11C0C16A-0FEC-3EFE-989D-49D8E7FB145B}.Release|x64.ActiveCfg = Release|x64
		{11C0C16A-0FEC-3EFE-989D-49D8E7FB145B}.Release|x64.Build.0 = Release|x64
		{11C0C16A-0FEC-3EFE-989D-49D8E7FB145B}.MinSizeRel|x64.ActiveCfg = MinSizeRel|x64
		{11C0C16A-0FEC-3EFE-989D-49D8E7FB145B}.MinSizeRel|x64.Build.0 = MinSizeRel|x64
		{11C0C16A-0FEC-3EFE-989D-49D8E7FB145B}.RelWithDebInfo|x64.ActiveCfg = RelWithDebInfo|x64
		{11C0C16A-0FEC-3EFE-989D-49D8E7FB145B}.RelWithDebInfo|x64.Build.0 = RelWithDebInfo|x64
		{93010981-9E75-3E4A-9FA0-4D57768549E7}.Debug|x64.ActiveCfg = Debug|x64
		{93010981-9E75-3E4A-9FA0-4D57768549E7}.Debug|x64.Build.0 = Debug|x64
		{93010981-9E75-3E4A-9FA0-4D57768549E7}.Release|x64.ActiveCfg = Release|x64
		{93010981-9E75-3E4A-9FA0-4D57768549E7}.Release|x64.Build.0 = Release|x64
		{93010981-9E75-3E4A-9FA0-4D57768549E7}.MinSizeRel|x64.ActiveCfg = MinSizeRel|x64
		{93010981-9E75-3E4A-9FA0-4D57768549E7}.MinSizeRel|x64.Build.0 = MinSizeRel|x64
		{93010981-9E75-3E4A-9FA0-4D57768549E7}.RelWithDebInfo|x64.ActiveCfg = RelWithDebInfo|x64
		{93010981-9E75-3E4A-9FA0-4D57768549E7}.RelWithDebInfo|x64.Build.0 = RelWithDebInfo|x64
		{247881D6-BD25-3200-999E-7F7DD3A690CE}.Debug|x64.ActiveCfg = Debug|x64
		{247881D6-BD25-3200-999E-7F7DD3A690CE}.Debug|x64.Build.0 = Debug|x64
		{247881D6-BD25-3200-999E-7F7DD3A690CE}.Release|x64.ActiveCfg = Release|x64
		{247881D6-BD25-3200-999E-7F7DD3A690CE}.Release|x64.Build.0 = Release|x64
		{247881D6-BD25-3200-999E-7F7DD3A690CE}.MinSizeRel|x64.ActiveCfg = MinSizeRel|x64
		{247881D6-BD25-3200-999E-7F7DD3A690CE}.MinSizeRel|x64.Build.0 = MinSizeRel|x64
		{247881D6-BD25-3200-999E-7F7DD3A690CE}.RelWithDebInfo|x64.ActiveCfg = RelWithDebInfo|x64
		{247881D6-BD25-3200-999E-7F7DD3A690CE}.RelWithDebInfo|x64.Build.0 = RelWithDebInfo|x64
		{B35FEE36-ED2C-3C48-8AAE-9D69CAA198AF}.Debug|x64.ActiveCfg = Debug|x64
		{B35FEE36-ED2C-3C48-8AAE-9D69CAA198AF}.Debug|x64.Build.0 = Debug|x64
		{B35FEE36-ED2C-3C48-8AAE-9D69CAA198AF}.Release|x64.ActiveCfg = Release|x64
		{B35FEE36-ED2C-3C48-8AAE-9D69CAA198AF}.Release|x64.Build.0 = Release|x64
		{B35FEE36-ED2C-3C48-8AAE-9D69CAA198AF}.MinSizeRel|x64.ActiveCfg = MinSizeRel|x64
		{B35FEE36-ED2C-3C48-8AAE-9D69CAA198AF}.MinSizeRel|x64.Build.0 = MinSizeRel|x64
		{B35FEE36-ED2C-3C48-8AAE-9D69CAA198AF}.RelWithDebInfo|x64.ActiveCfg = RelWithDebInfo|x64
		{B35FEE36-ED2C-3C48-8AAE-9D69CAA198AF}.RelWithDebInfo|x64.Build.0 = RelWithDebInfo|x64
		{AE6D8BC6-EF9D-310F-8451-92E08DDBC18C}.Debug|x64.ActiveCfg = Debug|x64
		{AE6D8BC6-EF9D-310F-8451-92E08DDBC18C}.Release|x64.ActiveCfg = Release|x64
		{AE6D8BC6-EF9D-310F-8451-92E08DDBC18C}.MinSizeRel|x64.ActiveCfg = MinSizeRel|x64
		{AE6D8BC6-EF9D-310F-8451-92E08DDBC18C}.RelWithDebInfo|x64.ActiveCfg = RelWithDebInfo|x64
		{47971369-89DF-3B39-9625-A64A17DA4479}.Debug|x64.ActiveCfg = Debug|x64
		{47971369-89DF-3B39-9625-A64A17DA4479}.Debug|x64.Build.0 = Debug|x64
		{47971369-89DF-3B39-9625-A64A17DA4479}.Release|x64.ActiveCfg = Release|x64
		{47971369-89DF-3B39-9625-A64A17DA4479}.Release|x64.Build.0 = Release|x64
		{47971369-89DF-3B39-9625-A64A17DA4479}.MinSizeRel|x64.ActiveCfg = MinSizeRel|x64
		{47971369-89DF-3B39-9625-A64A17DA4479}.MinSizeRel|x64.Build.0 = MinSizeRel|x64
		{47971369-89DF-3B39-9625-A64A17DA4479}.RelWithDebInfo|x64.ActiveCfg = RelWithDebInfo|x64
		{47971369-89DF-3B39-9625-A64A17DA4479}.RelWithDebInfo|x64.Build.0 = RelWithDebInfo|x64
	EndGlobalSection
	GlobalSection(NestedProjects) = preSolution
		{446D3965-CC7D-3044-B568-37094DAEF4DA} = {D0FC6B3A-B86A-3C14-805B-D50C0CF3D416}
		{72F6DFE9-42DB-3F87-BEC5-FC4F04C6ABE6} = {D0FC6B3A-B86A-3C14-805B-D50C0CF3D416}
		{23844CD1-EB8A-3040-AA17-50DC0D8CF38A} = {D0FC6B3A-B86A-3C14-805B-D50C0CF3D416}
		{BAB60496-8F13-3B9D-A426-626D646C9328} = {D0FC6B3A-B86A-3C14-805B-D50C0CF3D416}
		{AE6D8BC6-EF9D-310F-8451-92E08DDBC18C} = {2E03865B-C98D-3D36-94EA-E06DC4CE21B6}
		{FC57E4C3-B64D-385D-A1FF-FD7B5B101244} = {F37EF433-5B8A-3FBB-96D4-3AE0065E6569}
		{9E62F828-49DB-3546-BCF9-3E9945C4C82B} = {F37EF433-5B8A-3FBB-96D4-3AE0065E6569}
		{740402FF-AE14-3842-A6FB-A5B73E3B1220} = {F37EF433-5B8A-3FBB-96D4-3AE0065E6569}
		{57E974A8-4FD7-3D1F-94AA-C6021AD2C390} = {F37EF433-5B8A-3FBB-96D4-3AE0065E6569}
		{2E3865EE-B057-35B3-B74D-9D5FDF05045B} = {F37EF433-5B8A-3FBB-96D4-3AE0065E6569}
		{0412C1A8-1991-3F22-A6D2-0626FA4D6DD9} = {F37EF433-5B8A-3FBB-96D4-3AE0065E6569}
		{423D76DA-C27B-3C14-9FCE-04A2544F2CF6} = {F37EF433-5B8A-3FBB-96D4-3AE0065E6569}
		{94699C80-CF36-363C-B009-D1C5A6255D2E} = {F37EF433-5B8A-3FBB-96D4-3AE0065E6569}
		{E4EE7290-E42E-3EC6-AF5B-2A7D843E6764} = {F37EF433-5B8A-3FBB-96D4-3AE0065E6569}
		{3C6D4B88-825A-3667-9AE6-A92936BD0D20} = {F37EF433-5B8A-3FBB-96D4-3AE0065E6569}
		{CE37E7F0-DE89-391C-9F60-BB820C9FAE53} = {F37EF433-5B8A-3FBB-96D4-3AE0065E6569}
		{546D923A-CFCB-3426-B867-481DF233F2B2} = {F37EF433-5B8A-3FBB-96D4-3AE0065E6569}
		{CD5D522A-4641-3E90-A950-D56AF9284C46} = {F37EF433-5B8A-3FBB-96D4-3AE0065E6569}
		{11C0C16A-0FEC-3EFE-989D-49D8E7FB145B} = {F37EF433-5B8A-3FBB-96D4-3AE0065E6569}
		{93010981-9E75-3E4A-9FA0-4D57768549E7} = {F37EF433-5B8A-3FBB-96D4-3AE0065E6569}
		{247881D6-BD25-3200-999E-7F7DD3A690CE} = {F37EF433-5B8A-3FBB-96D4-3AE0065E6569}
		{192E394F-8A00-3110-97ED-A3D7C508E11B} = {C2BD91D7-248C-365D-9D94-F6E7680ECD48}
		{704DC2E1-65B1-35CC-B4CB-07DF0F45F720} = {D6FBDE61-640A-33C7-B5CF-3B8A705E7BFF}
		{6DECE8EF-25AF-3984-BBC7-14231BEF0495} = {D6FBDE61-640A-33C7-B5CF-3B8A705E7BFF}
		{619D72A9-A176-32FA-A7A4-D206BEA2B436} = {D6FBDE61-640A-33C7-B5CF-3B8A705E7BFF}
		{49F981B6-EEAE-3CDC-AB16-2A51D8A43ADC} = {704DC2E1-65B1-35CC-B4CB-07DF0F45F720}
		{FC249DDA-C08C-3B06-A372-CE986031E5BE} = {6DECE8EF-25AF-3984-BBC7-14231BEF0495}
		{47971369-89DF-3B39-9625-A64A17DA4479} = {619D72A9-A176-32FA-A7A4-D206BEA2B436}
		{B35FEE36-ED2C-3C48-8AAE-9D69CAA198AF} = {8130AC71-5983-3B72-A5CF-A49E219915BB}
	EndGlobalSection
	GlobalSection(ExtensibilityGlobals) = postSolution
	EndGlobalSection
	GlobalSection(ExtensibilityAddIns) = postSolution
	EndGlobalSection
EndGlobal
