<?xml version="1.0" encoding="UTF-8"?>
<Project ToolsVersion="14.0" xmlns="http://schemas.microsoft.com/developer/msbuild/2003">
  <ItemGroup>
    <CustomBuild Include="Z:\Projects\CppProjects\CppBenchmark\temp\CMakeFiles\a6e1e9a3a6f7286cfaa16030700d0660\INSTALL_force.rule">
      <Filter>CMake Rules</Filter>
    </CustomBuild>
  </ItemGroup>
  <ItemGroup>
    <Filter Include="CMake Rules">
      <UniqueIdentifier>{F6090600-BE5D-3DF4-AAD7-2BC2AE901F82}</UniqueIdentifier>
    </Filter>
  </ItemGroup>
</Project>
